
Microsoft Visual Studio Solution File, Format Version 12.00
# Visual Studio 15
VisualStudioVersion = 15.0.28307.329
MinimumVisualStudioVersion = 10.0.40219.1
Project("{FAE04EC0-301F-11D3-BF4B-00C04F79EFBC}") = "CameraTest.Android", "CameraTest\CameraTest.Android\CameraTest.Android.csproj", "{29FE3FCE-B969-4197-B93B-3ACDA49A527C}"
EndProject
Project("{FAE04EC0-301F-11D3-BF4B-00C04F79EFBC}") = "CameraTest.iOS", "CameraTest\CameraTest.iOS\CameraTest.iOS.csproj", "{E6824A28-C3E5-4D2F-A0A1-7CB318870ACB}"
EndProject
Project("{FAE04EC0-301F-11D3-BF4B-00C04F79EFBC}") = "CameraTest.UWP", "CameraTest\CameraTest.UWP\CameraTest.UWP.csproj", "{C75FDFB2-C9D7-4460-A493-019AE0D1C61C}"
EndProject
Project("{FAE04EC0-301F-11D3-BF4B-00C04F79EFBC}") = "CameraTest", "CameraTest\CameraTest\CameraTest.csproj", "{B48CC5AE-838F-4656-871A-FF15BB638CE4}"
EndProject
Global
	GlobalSection(SolutionConfigurationPlatforms) = preSolution
		Ad-Hoc|Any CPU = Ad-Hoc|Any CPU
		Ad-Hoc|ARM = Ad-Hoc|ARM
		Ad-Hoc|iPhone = Ad-Hoc|iPhone
		Ad-Hoc|iPhoneSimulator = Ad-Hoc|iPhoneSimulator
		Ad-Hoc|x64 = Ad-Hoc|x64
		Ad-Hoc|x86 = Ad-Hoc|x86
		AppStore|Any CPU = AppStore|Any CPU
		AppStore|ARM = AppStore|ARM
		AppStore|iPhone = AppStore|iPhone
		AppStore|iPhoneSimulator = AppStore|iPhoneSimulator
		AppStore|x64 = AppStore|x64
		AppStore|x86 = AppStore|x86
		Debug|Any CPU = Debug|Any CPU
		Debug|ARM = Debug|ARM
		Debug|iPhone = Debug|iPhone
		Debug|iPhoneSimulator = Debug|iPhoneSimulator
		Debug|x64 = Debug|x64
		Debug|x86 = Debug|x86
		Release|Any CPU = Release|Any CPU
		Release|ARM = Release|ARM
		Release|iPhone = Release|iPhone
		Release|iPhoneSimulator = Release|iPhoneSimulator
		Release|x64 = Release|x64
		Release|x86 = Release|x86
	EndGlobalSection
	GlobalSection(ProjectConfigurationPlatforms) = postSolution
		{29FE3FCE-B969-4197-B93B-3ACDA49A527C}.Ad-Hoc|Any CPU.ActiveCfg = Release|Any CPU
		{29FE3FCE-B969-4197-B93B-3ACDA49A527C}.Ad-Hoc|Any CPU.Build.0 = Release|Any CPU
		{29FE3FCE-B969-4197-B93B-3ACDA49A527C}.Ad-Hoc|Any CPU.Deploy.0 = Release|Any CPU
		{29FE3FCE-B969-4197-B93B-3ACDA49A527C}.Ad-Hoc|ARM.ActiveCfg = Release|Any CPU
		{29FE3FCE-B969-4197-B93B-3ACDA49A527C}.Ad-Hoc|ARM.Build.0 = Release|Any CPU
		{29FE3FCE-B969-4197-B93B-3ACDA49A527C}.Ad-Hoc|ARM.Deploy.0 = Release|Any CPU
		{29FE3FCE-B969-4197-B93B-3ACDA49A527C}.Ad-Hoc|iPhone.ActiveCfg = Release|Any CPU
		{29FE3FCE-B969-4197-B93B-3ACDA49A527C}.Ad-Hoc|iPhone.Build.0 = Release|Any CPU
		{29FE3FCE-B969-4197-B93B-3ACDA49A527C}.Ad-Hoc|iPhone.Deploy.0 = Release|Any CPU
		{29FE3FCE-B969-4197-B93B-3ACDA49A527C}.Ad-Hoc|iPhoneSimulator.ActiveCfg = Release|Any CPU
		{29FE3FCE-B969-4197-B93B-3ACDA49A527C}.Ad-Hoc|iPhoneSimulator.Build.0 = Release|Any CPU
		{29FE3FCE-B969-4197-B93B-3ACDA49A527C}.Ad-Hoc|iPhoneSimulator.Deploy.0 = Release|Any CPU
		{29FE3FCE-B969-4197-B93B-3ACDA49A527C}.Ad-Hoc|x64.ActiveCfg = Release|Any CPU
		{29FE3FCE-B969-4197-B93B-3ACDA49A527C}.Ad-Hoc|x64.Build.0 = Release|Any CPU
		{29FE3FCE-B969-4197-B93B-3ACDA49A527C}.Ad-Hoc|x64.Deploy.0 = Release|Any CPU
		{29FE3FCE-B969-4197-B93B-3ACDA49A527C}.Ad-Hoc|x86.ActiveCfg = Release|Any CPU
		{29FE3FCE-B969-4197-B93B-3ACDA49A527C}.Ad-Hoc|x86.Build.0 = Release|Any CPU
		{29FE3FCE-B969-4197-B93B-3ACDA49A527C}.Ad-Hoc|x86.Deploy.0 = Release|Any CPU
		{29FE3FCE-B969-4197-B93B-3ACDA49A527C}.AppStore|Any CPU.ActiveCfg = Release|Any CPU
		{29FE3FCE-B969-4197-B93B-3ACDA49A527C}.AppStore|Any CPU.Build.0 = Release|Any CPU
		{29FE3FCE-B969-4197-B93B-3ACDA49A527C}.AppStore|Any CPU.Deploy.0 = Release|Any CPU
		{29FE3FCE-B969-4197-B93B-3ACDA49A527C}.AppStore|ARM.ActiveCfg = Release|Any CPU
		{29FE3FCE-B969-4197-B93B-3ACDA49A527C}.AppStore|ARM.Build.0 = Release|Any CPU
		{29FE3FCE-B969-4197-B93B-3ACDA49A527C}.AppStore|ARM.Deploy.0 = Release|Any CPU
		{29FE3FCE-B969-4197-B93B-3ACDA49A527C}.AppStore|iPhone.ActiveCfg = Release|Any CPU
		{29FE3FCE-B969-4197-B93B-3ACDA49A527C}.AppStore|iPhone.Build.0 = Release|Any CPU
		{29FE3FCE-B969-4197-B93B-3ACDA49A527C}.AppStore|iPhone.Deploy.0 = Release|Any CPU
		{29FE3FCE-B969-4197-B93B-3ACDA49A527C}.AppStore|iPhoneSimulator.ActiveCfg = Release|Any CPU
		{29FE3FCE-B969-4197-B93B-3ACDA49A527C}.AppStore|iPhoneSimulator.Build.0 = Release|Any CPU
		{29FE3FCE-B969-4197-B93B-3ACDA49A527C}.AppStore|iPhoneSimulator.Deploy.0 = Release|Any CPU
		{29FE3FCE-B969-4197-B93B-3ACDA49A527C}.AppStore|x64.ActiveCfg = Release|Any CPU
		{29FE3FCE-B969-4197-B93B-3ACDA49A527C}.AppStore|x64.Build.0 = Release|Any CPU
		{29FE3FCE-B969-4197-B93B-3ACDA49A527C}.AppStore|x64.Deploy.0 = Release|Any CPU
		{29FE3FCE-B969-4197-B93B-3ACDA49A527C}.AppStore|x86.ActiveCfg = Release|Any CPU
		{29FE3FCE-B969-4197-B93B-3ACDA49A527C}.AppStore|x86.Build.0 = Release|Any CPU
		{29FE3FCE-B969-4197-B93B-3ACDA49A527C}.AppStore|x86.Deploy.0 = Release|Any CPU
		{29FE3FCE-B969-4197-B93B-3ACDA49A527C}.Debug|Any CPU.ActiveCfg = Debug|Any CPU
		{29FE3FCE-B969-4197-B93B-3ACDA49A527C}.Debug|Any CPU.Build.0 = Debug|Any CPU
		{29FE3FCE-B969-4197-B93B-3ACDA49A527C}.Debug|Any CPU.Deploy.0 = Debug|Any CPU
		{29FE3FCE-B969-4197-B93B-3ACDA49A527C}.Debug|ARM.ActiveCfg = Debug|Any CPU
		{29FE3FCE-B969-4197-B93B-3ACDA49A527C}.Debug|ARM.Build.0 = Debug|Any CPU
		{29FE3FCE-B969-4197-B93B-3ACDA49A527C}.Debug|ARM.Deploy.0 = Debug|Any CPU
		{29FE3FCE-B969-4197-B93B-3ACDA49A527C}.Debug|iPhone.ActiveCfg = Debug|Any CPU
		{29FE3FCE-B969-4197-B93B-3ACDA49A527C}.Debug|iPhone.Build.0 = Debug|Any CPU
		{29FE3FCE-B969-4197-B93B-3ACDA49A527C}.Debug|iPhone.Deploy.0 = Debug|Any CPU
		{29FE3FCE-B969-4197-B93B-3ACDA49A527C}.Debug|iPhoneSimulator.ActiveCfg = Debug|Any CPU
		{29FE3FCE-B969-4197-B93B-3ACDA49A527C}.Debug|iPhoneSimulator.Build.0 = Debug|Any CPU
		{29FE3FCE-B969-4197-B93B-3ACDA49A527C}.Debug|iPhoneSimulator.Deploy.0 = Debug|Any CPU
		{29FE3FCE-B969-4197-B93B-3ACDA49A527C}.Debug|x64.ActiveCfg = Debug|Any CPU
		{29FE3FCE-B969-4197-B93B-3ACDA49A527C}.Debug|x64.Build.0 = Debug|Any CPU
		{29FE3FCE-B969-4197-B93B-3ACDA49A527C}.Debug|x64.Deploy.0 = Debug|Any CPU
		{29FE3FCE-B969-4197-B93B-3ACDA49A527C}.Debug|x86.ActiveCfg = Debug|Any CPU
		{29FE3FCE-B969-4197-B93B-3ACDA49A527C}.Debug|x86.Build.0 = Debug|Any CPU
		{29FE3FCE-B969-4197-B93B-3ACDA49A527C}.Debug|x86.Deploy.0 = Debug|Any CPU
		{29FE3FCE-B969-4197-B93B-3ACDA49A527C}.Release|Any CPU.ActiveCfg = Release|Any CPU
		{29FE3FCE-B969-4197-B93B-3ACDA49A527C}.Release|Any CPU.Build.0 = Release|Any CPU
		{29FE3FCE-B969-4197-B93B-3ACDA49A527C}.Release|Any CPU.Deploy.0 = Release|Any CPU
		{29FE3FCE-B969-4197-B93B-3ACDA49A527C}.Release|ARM.ActiveCfg = Release|Any CPU
		{29FE3FCE-B969-4197-B93B-3ACDA49A527C}.Release|ARM.Build.0 = Release|Any CPU
		{29FE3FCE-B969-4197-B93B-3ACDA49A527C}.Release|ARM.Deploy.0 = Release|Any CPU
		{29FE3FCE-B969-4197-B93B-3ACDA49A527C}.Release|iPhone.ActiveCfg = Release|Any CPU
		{29FE3FCE-B969-4197-B93B-3ACDA49A527C}.Release|iPhone.Build.0 = Release|Any CPU
		{29FE3FCE-B969-4197-B93B-3ACDA49A527C}.Release|iPhone.Deploy.0 = Release|Any CPU
		{29FE3FCE-B969-4197-B93B-3ACDA49A527C}.Release|iPhoneSimulator.ActiveCfg = Release|Any CPU
		{29FE3FCE-B969-4197-B93B-3ACDA49A527C}.Release|iPhoneSimulator.Build.0 = Release|Any CPU
		{29FE3FCE-B969-4197-B93B-3ACDA49A527C}.Release|iPhoneSimulator.Deploy.0 = Release|Any CPU
		{29FE3FCE-B969-4197-B93B-3ACDA49A527C}.Release|x64.ActiveCfg = Release|Any CPU
		{29FE3FCE-B969-4197-B93B-3ACDA49A527C}.Release|x64.Build.0 = Release|Any CPU
		{29FE3FCE-B969-4197-B93B-3ACDA49A527C}.Release|x64.Deploy.0 = Release|Any CPU
		{29FE3FCE-B969-4197-B93B-3ACDA49A527C}.Release|x86.ActiveCfg = Release|Any CPU
		{29FE3FCE-B969-4197-B93B-3ACDA49A527C}.Release|x86.Build.0 = Release|Any CPU
		{29FE3FCE-B969-4197-B93B-3ACDA49A527C}.Release|x86.Deploy.0 = Release|Any CPU
		{E6824A28-C3E5-4D2F-A0A1-7CB318870ACB}.Ad-Hoc|Any CPU.ActiveCfg = Ad-Hoc|iPhone
		{E6824A28-C3E5-4D2F-A0A1-7CB318870ACB}.Ad-Hoc|Any CPU.Build.0 = Ad-Hoc|iPhone
		{E6824A28-C3E5-4D2F-A0A1-7CB318870ACB}.Ad-Hoc|Any CPU.Deploy.0 = Ad-Hoc|iPhone
		{E6824A28-C3E5-4D2F-A0A1-7CB318870ACB}.Ad-Hoc|ARM.ActiveCfg = Ad-Hoc|iPhone
		{E6824A28-C3E5-4D2F-A0A1-7CB318870ACB}.Ad-Hoc|ARM.Build.0 = Ad-Hoc|iPhone
		{E6824A28-C3E5-4D2F-A0A1-7CB318870ACB}.Ad-Hoc|ARM.Deploy.0 = Ad-Hoc|iPhone
		{E6824A28-C3E5-4D2F-A0A1-7CB318870ACB}.Ad-Hoc|iPhone.ActiveCfg = Ad-Hoc|iPhone
		{E6824A28-C3E5-4D2F-A0A1-7CB318870ACB}.Ad-Hoc|iPhone.Build.0 = Ad-Hoc|iPhone
		{E6824A28-C3E5-4D2F-A0A1-7CB318870ACB}.Ad-Hoc|iPhone.Deploy.0 = Ad-Hoc|iPhone
		{E6824A28-C3E5-4D2F-A0A1-7CB318870ACB}.Ad-Hoc|iPhoneSimulator.ActiveCfg = Ad-Hoc|iPhoneSimulator
		{E6824A28-C3E5-4D2F-A0A1-7CB318870ACB}.Ad-Hoc|iPhoneSimulator.Build.0 = Ad-Hoc|iPhoneSimulator
		{E6824A28-C3E5-4D2F-A0A1-7CB318870ACB}.Ad-Hoc|iPhoneSimulator.Deploy.0 = Ad-Hoc|iPhoneSimulator
		{E6824A28-C3E5-4D2F-A0A1-7CB318870ACB}.Ad-Hoc|x64.ActiveCfg = Ad-Hoc|iPhone
		{E6824A28-C3E5-4D2F-A0A1-7CB318870ACB}.Ad-Hoc|x64.Build.0 = Ad-Hoc|iPhone
		{E6824A28-C3E5-4D2F-A0A1-7CB318870ACB}.Ad-Hoc|x64.Deploy.0 = Ad-Hoc|iPhone
		{E6824A28-C3E5-4D2F-A0A1-7CB318870ACB}.Ad-Hoc|x86.ActiveCfg = Ad-Hoc|iPhone
		{E6824A28-C3E5-4D2F-A0A1-7CB318870ACB}.Ad-Hoc|x86.Build.0 = Ad-Hoc|iPhone
		{E6824A28-C3E5-4D2F-A0A1-7CB318870ACB}.Ad-Hoc|x86.Deploy.0 = Ad-Hoc|iPhone
		{E6824A28-C3E5-4D2F-A0A1-7CB318870ACB}.AppStore|Any CPU.ActiveCfg = AppStore|iPhone
		{E6824A28-C3E5-4D2F-A0A1-7CB318870ACB}.AppStore|Any CPU.Build.0 = AppStore|iPhone
		{E6824A28-C3E5-4D2F-A0A1-7CB318870ACB}.AppStore|Any CPU.Deploy.0 = AppStore|iPhone
		{E6824A28-C3E5-4D2F-A0A1-7CB318870ACB}.AppStore|ARM.ActiveCfg = AppStore|iPhone
		{E6824A28-C3E5-4D2F-A0A1-7CB318870ACB}.AppStore|ARM.Build.0 = AppStore|iPhone
		{E6824A28-C3E5-4D2F-A0A1-7CB318870ACB}.AppStore|ARM.Deploy.0 = AppStore|iPhone
		{E6824A28-C3E5-4D2F-A0A1-7CB318870ACB}.AppStore|iPhone.ActiveCfg = AppStore|iPhone
		{E6824A28-C3E5-4D2F-A0A1-7CB318870ACB}.AppStore|iPhone.Build.0 = AppStore|iPhone
		{E6824A28-C3E5-4D2F-A0A1-7CB318870ACB}.AppStore|iPhone.Deploy.0 = AppStore|iPhone
		{E6824A28-C3E5-4D2F-A0A1-7CB318870ACB}.AppStore|iPhoneSimulator.ActiveCfg = AppStore|iPhoneSimulator
		{E6824A28-C3E5-4D2F-A0A1-7CB318870ACB}.AppStore|iPhoneSimulator.Build.0 = AppStore|iPhoneSimulator
		{E6824A28-C3E5-4D2F-A0A1-7CB318870ACB}.AppStore|iPhoneSimulator.Deploy.0 = AppStore|iPhoneSimulator
		{E6824A28-C3E5-4D2F-A0A1-7CB318870ACB}.AppStore|x64.ActiveCfg = AppStore|iPhone
		{E6824A28-C3E5-4D2F-A0A1-7CB318870ACB}.AppStore|x64.Build.0 = AppStore|iPhone
		{E6824A28-C3E5-4D2F-A0A1-7CB318870ACB}.AppStore|x64.Deploy.0 = AppStore|iPhone
		{E6824A28-C3E5-4D2F-A0A1-7CB318870ACB}.AppStore|x86.ActiveCfg = AppStore|iPhone
		{E6824A28-C3E5-4D2F-A0A1-7CB318870ACB}.AppStore|x86.Build.0 = AppStore|iPhone
		{E6824A28-C3E5-4D2F-A0A1-7CB318870ACB}.AppStore|x86.Deploy.0 = AppStore|iPhone
		{E6824A28-C3E5-4D2F-A0A1-7CB318870ACB}.Debug|Any CPU.ActiveCfg = Debug|iPhoneSimulator
		{E6824A28-C3E5-4D2F-A0A1-7CB318870ACB}.Debug|Any CPU.Build.0 = Debug|iPhoneSimulator
		{E6824A28-C3E5-4D2F-A0A1-7CB318870ACB}.Debug|Any CPU.Deploy.0 = Debug|iPhoneSimulator
		{E6824A28-C3E5-4D2F-A0A1-7CB318870ACB}.Debug|ARM.ActiveCfg = Debug|iPhone
		{E6824A28-C3E5-4D2F-A0A1-7CB318870ACB}.Debug|ARM.Build.0 = Debug|iPhone
		{E6824A28-C3E5-4D2F-A0A1-7CB318870ACB}.Debug|ARM.Deploy.0 = Debug|iPhone
		{E6824A28-C3E5-4D2F-A0A1-7CB318870ACB}.Debug|iPhone.ActiveCfg = Debug|iPhone
		{E6824A28-C3E5-4D2F-A0A1-7CB318870ACB}.Debug|iPhone.Build.0 = Debug|iPhone
		{E6824A28-C3E5-4D2F-A0A1-7CB318870ACB}.Debug|iPhone.Deploy.0 = Debug|iPhone
		{E6824A28-C3E5-4D2F-A0A1-7CB318870ACB}.Debug|iPhoneSimulator.ActiveCfg = Debug|iPhoneSimulator
		{E6824A28-C3E5-4D2F-A0A1-7CB318870ACB}.Debug|iPhoneSimulator.Build.0 = Debug|iPhoneSimulator
		{E6824A28-C3E5-4D2F-A0A1-7CB318870ACB}.Debug|iPhoneSimulator.Deploy.0 = Debug|iPhoneSimulator
		{E6824A28-C3E5-4D2F-A0A1-7CB318870ACB}.Debug|x64.ActiveCfg = Debug|iPhone
		{E6824A28-C3E5-4D2F-A0A1-7CB318870ACB}.Debug|x64.Build.0 = Debug|iPhone
		{E6824A28-C3E5-4D2F-A0A1-7CB318870ACB}.Debug|x64.Deploy.0 = Debug|iPhone
		{E6824A28-C3E5-4D2F-A0A1-7CB318870ACB}.Debug|x86.ActiveCfg = Debug|iPhone
		{E6824A28-C3E5-4D2F-A0A1-7CB318870ACB}.Debug|x86.Build.0 = Debug|iPhone
		{E6824A28-C3E5-4D2F-A0A1-7CB318870ACB}.Debug|x86.Deploy.0 = Debug|iPhone
		{E6824A28-C3E5-4D2F-A0A1-7CB318870ACB}.Release|Any CPU.ActiveCfg = Release|iPhone
		{E6824A28-C3E5-4D2F-A0A1-7CB318870ACB}.Release|Any CPU.Build.0 = Release|iPhone
		{E6824A28-C3E5-4D2F-A0A1-7CB318870ACB}.Release|Any CPU.Deploy.0 = Release|iPhone
		{E6824A28-C3E5-4D2F-A0A1-7CB318870ACB}.Release|ARM.ActiveCfg = Release|iPhone
		{E6824A28-C3E5-4D2F-A0A1-7CB318870ACB}.Release|ARM.Build.0 = Release|iPhone
		{E6824A28-C3E5-4D2F-A0A1-7CB318870ACB}.Release|ARM.Deploy.0 = Release|iPhone
		{E6824A28-C3E5-4D2F-A0A1-7CB318870ACB}.Release|iPhone.ActiveCfg = Release|iPhone
		{E6824A28-C3E5-4D2F-A0A1-7CB318870ACB}.Release|iPhone.Build.0 = Release|iPhone
		{E6824A28-C3E5-4D2F-A0A1-7CB318870ACB}.Release|iPhone.Deploy.0 = Release|iPhone
		{E6824A28-C3E5-4D2F-A0A1-7CB318870ACB}.Release|iPhoneSimulator.ActiveCfg = Release|iPhoneSimulator
		{E6824A28-C3E5-4D2F-A0A1-7CB318870ACB}.Release|iPhoneSimulator.Build.0 = Release|iPhoneSimulator
		{E6824A28-C3E5-4D2F-A0A1-7CB318870ACB}.Release|iPhoneSimulator.Deploy.0 = Release|iPhoneSimulator
		{E6824A28-C3E5-4D2F-A0A1-7CB318870ACB}.Release|x64.ActiveCfg = Release|iPhone
		{E6824A28-C3E5-4D2F-A0A1-7CB318870ACB}.Release|x64.Build.0 = Release|iPhone
		{E6824A28-C3E5-4D2F-A0A1-7CB318870ACB}.Release|x64.Deploy.0 = Release|iPhone
		{E6824A28-C3E5-4D2F-A0A1-7CB318870ACB}.Release|x86.ActiveCfg = Release|iPhone
		{E6824A28-C3E5-4D2F-A0A1-7CB318870ACB}.Release|x86.Build.0 = Release|iPhone
		{E6824A28-C3E5-4D2F-A0A1-7CB318870ACB}.Release|x86.Deploy.0 = Release|iPhone
		{C75FDFB2-C9D7-4460-A493-019AE0D1C61C}.Ad-Hoc|Any CPU.ActiveCfg = Release|x86
		{C75FDFB2-C9D7-4460-A493-019AE0D1C61C}.Ad-Hoc|Any CPU.Build.0 = Release|x86
		{C75FDFB2-C9D7-4460-A493-019AE0D1C61C}.Ad-Hoc|Any CPU.Deploy.0 = Release|x86
		{C75FDFB2-C9D7-4460-A493-019AE0D1C61C}.Ad-Hoc|ARM.ActiveCfg = Release|ARM
		{C75FDFB2-C9D7-4460-A493-019AE0D1C61C}.Ad-Hoc|ARM.Build.0 = Release|ARM
		{C75FDFB2-C9D7-4460-A493-019AE0D1C61C}.Ad-Hoc|ARM.Deploy.0 = Release|ARM
		{C75FDFB2-C9D7-4460-A493-019AE0D1C61C}.Ad-Hoc|iPhone.ActiveCfg = Release|x86
		{C75FDFB2-C9D7-4460-A493-019AE0D1C61C}.Ad-Hoc|iPhone.Build.0 = Release|x86
		{C75FDFB2-C9D7-4460-A493-019AE0D1C61C}.Ad-Hoc|iPhone.Deploy.0 = Release|x86
		{C75FDFB2-C9D7-4460-A493-019AE0D1C61C}.Ad-Hoc|iPhoneSimulator.ActiveCfg = Release|x86
		{C75FDFB2-C9D7-4460-A493-019AE0D1C61C}.Ad-Hoc|iPhoneSimulator.Build.0 = Release|x86
		{C75FDFB2-C9D7-4460-A493-019AE0D1C61C}.Ad-Hoc|iPhoneSimulator.Deploy.0 = Release|x86
		{C75FDFB2-C9D7-4460-A493-019AE0D1C61C}.Ad-Hoc|x64.ActiveCfg = Release|x64
		{C75FDFB2-C9D7-4460-A493-019AE0D1C61C}.Ad-Hoc|x64.Build.0 = Release|x64
		{C75FDFB2-C9D7-4460-A493-019AE0D1C61C}.Ad-Hoc|x64.Deploy.0 = Release|x64
		{C75FDFB2-C9D7-4460-A493-019AE0D1C61C}.Ad-Hoc|x86.ActiveCfg = Release|x86
		{C75FDFB2-C9D7-4460-A493-019AE0D1C61C}.Ad-Hoc|x86.Build.0 = Release|x86
		{C75FDFB2-C9D7-4460-A493-019AE0D1C61C}.Ad-Hoc|x86.Deploy.0 = Release|x86
		{C75FDFB2-C9D7-4460-A493-019AE0D1C61C}.AppStore|Any CPU.ActiveCfg = Release|x86
		{C75FDFB2-C9D7-4460-A493-019AE0D1C61C}.AppStore|Any CPU.Build.0 = Release|x86
		{C75FDFB2-C9D7-4460-A493-019AE0D1C61C}.AppStore|Any CPU.Deploy.0 = Release|x86
		{C75FDFB2-C9D7-4460-A493-019AE0D1C61C}.AppStore|ARM.ActiveCfg = Release|ARM
		{C75FDFB2-C9D7-4460-A493-019AE0D1C61C}.AppStore|ARM.Build.0 = Release|ARM
		{C75FDFB2-C9D7-4460-A493-019AE0D1C61C}.AppStore|ARM.Deploy.0 = Release|ARM
		{C75FDFB2-C9D7-4460-A493-019AE0D1C61C}.AppStore|iPhone.ActiveCfg = Release|x86
		{C75FDFB2-C9D7-4460-A493-019AE0D1C61C}.AppStore|iPhone.Build.0 = Release|x86
		{C75FDFB2-C9D7-4460-A493-019AE0D1C61C}.AppStore|iPhone.Deploy.0 = Release|x86
		{C75FDFB2-C9D7-4460-A493-019AE0D1C61C}.AppStore|iPhoneSimulator.ActiveCfg = Release|x86
		{C75FDFB2-C9D7-4460-A493-019AE0D1C61C}.AppStore|iPhoneSimulator.Build.0 = Release|x86
		{C75FDFB2-C9D7-4460-A493-019AE0D1C61C}.AppStore|iPhoneSimulator.Deploy.0 = Release|x86
		{C75FDFB2-C9D7-4460-A493-019AE0D1C61C}.AppStore|x64.ActiveCfg = Release|x64
		{C75FDFB2-C9D7-4460-A493-019AE0D1C61C}.AppStore|x64.Build.0 = Release|x64
		{C75FDFB2-C9D7-4460-A493-019AE0D1C61C}.AppStore|x64.Deploy.0 = Release|x64
		{C75FDFB2-C9D7-4460-A493-019AE0D1C61C}.AppStore|x86.ActiveCfg = Release|x86
		{C75FDFB2-C9D7-4460-A493-019AE0D1C61C}.AppStore|x86.Build.0 = Release|x86
		{C75FDFB2-C9D7-4460-A493-019AE0D1C61C}.AppStore|x86.Deploy.0 = Release|x86
		{C75FDFB2-C9D7-4460-A493-019AE0D1C61C}.Debug|Any CPU.ActiveCfg = Debug|x86
		{C75FDFB2-C9D7-4460-A493-019AE0D1C61C}.Debug|Any CPU.Build.0 = Debug|x86
		{C75FDFB2-C9D7-4460-A493-019AE0D1C61C}.Debug|Any CPU.Deploy.0 = Debug|x86
		{C75FDFB2-C9D7-4460-A493-019AE0D1C61C}.Debug|ARM.ActiveCfg = Debug|ARM
		{C75FDFB2-C9D7-4460-A493-019AE0D1C61C}.Debug|ARM.Build.0 = Debug|ARM
		{C75FDFB2-C9D7-4460-A493-019AE0D1C61C}.Debug|ARM.Deploy.0 = Debug|ARM
		{C75FDFB2-C9D7-4460-A493-019AE0D1C61C}.Debug|iPhone.ActiveCfg = Debug|x86
		{C75FDFB2-C9D7-4460-A493-019AE0D1C61C}.Debug|iPhone.Build.0 = Debug|x86
		{C75FDFB2-C9D7-4460-A493-019AE0D1C61C}.Debug|iPhone.Deploy.0 = Debug|x86
		{C75FDFB2-C9D7-4460-A493-019AE0D1C61C}.Debug|iPhoneSimulator.ActiveCfg = Debug|x86
		{C75FDFB2-C9D7-4460-A493-019AE0D1C61C}.Debug|iPhoneSimulator.Build.0 = Debug|x86
		{C75FDFB2-C9D7-4460-A493-019AE0D1C61C}.Debug|iPhoneSimulator.Deploy.0 = Debug|x86
		{C75FDFB2-C9D7-4460-A493-019AE0D1C61C}.Debug|x64.ActiveCfg = Debug|x64
		{C75FDFB2-C9D7-4460-A493-019AE0D1C61C}.Debug|x64.Build.0 = Debug|x64
		{C75FDFB2-C9D7-4460-A493-019AE0D1C61C}.Debug|x64.Deploy.0 = Debug|x64
		{C75FDFB2-C9D7-4460-A493-019AE0D1C61C}.Debug|x86.ActiveCfg = Debug|x86
		{C75FDFB2-C9D7-4460-A493-019AE0D1C61C}.Debug|x86.Build.0 = Debug|x86
		{C75FDFB2-C9D7-4460-A493-019AE0D1C61C}.Debug|x86.Deploy.0 = Debug|x86
		{C75FDFB2-C9D7-4460-A493-019AE0D1C61C}.Release|Any CPU.ActiveCfg = Release|x86
		{C75FDFB2-C9D7-4460-A493-019AE0D1C61C}.Release|Any CPU.Build.0 = Release|x86
		{C75FDFB2-C9D7-4460-A493-019AE0D1C61C}.Release|Any CPU.Deploy.0 = Release|x86
		{C75FDFB2-C9D7-4460-A493-019AE0D1C61C}.Release|ARM.ActiveCfg = Release|ARM
		{C75FDFB2-C9D7-4460-A493-019AE0D1C61C}.Release|ARM.Build.0 = Release|ARM
		{C75FDFB2-C9D7-4460-A493-019AE0D1C61C}.Release|ARM.Deploy.0 = Release|ARM
		{C75FDFB2-C9D7-4460-A493-019AE0D1C61C}.Release|iPhone.ActiveCfg = Release|x86
		{C75FDFB2-C9D7-4460-A493-019AE0D1C61C}.Release|iPhone.Build.0 = Release|x86
		{C75FDFB2-C9D7-4460-A493-019AE0D1C61C}.Release|iPhone.Deploy.0 = Release|x86
		{C75FDFB2-C9D7-4460-A493-019AE0D1C61C}.Release|iPhoneSimulator.ActiveCfg = Release|x86
		{C75FDFB2-C9D7-4460-A493-019AE0D1C61C}.Release|iPhoneSimulator.Build.0 = Release|x86
		{C75FDFB2-C9D7-4460-A493-019AE0D1C61C}.Release|iPhoneSimulator.Deploy.0 = Release|x86
		{C75FDFB2-C9D7-4460-A493-019AE0D1C61C}.Release|x64.ActiveCfg = Release|x64
		{C75FDFB2-C9D7-4460-A493-019AE0D1C61C}.Release|x64.Build.0 = Release|x64
		{C75FDFB2-C9D7-4460-A493-019AE0D1C61C}.Release|x64.Deploy.0 = Release|x64
		{C75FDFB2-C9D7-4460-A493-019AE0D1C61C}.Release|x86.ActiveCfg = Release|x86
		{C75FDFB2-C9D7-4460-A493-019AE0D1C61C}.Release|x86.Build.0 = Release|x86
		{C75FDFB2-C9D7-4460-A493-019AE0D1C61C}.Release|x86.Deploy.0 = Release|x86
		{B48CC5AE-838F-4656-871A-FF15BB638CE4}.Ad-Hoc|Any CPU.ActiveCfg = Debug|Any CPU
		{B48CC5AE-838F-4656-871A-FF15BB638CE4}.Ad-Hoc|Any CPU.Build.0 = Debug|Any CPU
		{B48CC5AE-838F-4656-871A-FF15BB638CE4}.Ad-Hoc|Any CPU.Deploy.0 = Debug|Any CPU
		{B48CC5AE-838F-4656-871A-FF15BB638CE4}.Ad-Hoc|ARM.ActiveCfg = Debug|Any CPU
		{B48CC5AE-838F-4656-871A-FF15BB638CE4}.Ad-Hoc|ARM.Build.0 = Debug|Any CPU
		{B48CC5AE-838F-4656-871A-FF15BB638CE4}.Ad-Hoc|ARM.Deploy.0 = Debug|Any CPU
		{B48CC5AE-838F-4656-871A-FF15BB638CE4}.Ad-Hoc|iPhone.ActiveCfg = Debug|Any CPU
		{B48CC5AE-838F-4656-871A-FF15BB638CE4}.Ad-Hoc|iPhone.Build.0 = Debug|Any CPU
		{B48CC5AE-838F-4656-871A-FF15BB638CE4}.Ad-Hoc|iPhone.Deploy.0 = Debug|Any CPU
		{B48CC5AE-838F-4656-871A-FF15BB638CE4}.Ad-Hoc|iPhoneSimulator.ActiveCfg = Debug|Any CPU
		{B48CC5AE-838F-4656-871A-FF15BB638CE4}.Ad-Hoc|iPhoneSimulator.Build.0 = Debug|Any CPU
		{B48CC5AE-838F-4656-871A-FF15BB638CE4}.Ad-Hoc|iPhoneSimulator.Deploy.0 = Debug|Any CPU
		{B48CC5AE-838F-4656-871A-FF15BB638CE4}.Ad-Hoc|x64.ActiveCfg = Debug|Any CPU
		{B48CC5AE-838F-4656-871A-FF15BB638CE4}.Ad-Hoc|x64.Build.0 = Debug|Any CPU
		{B48CC5AE-838F-4656-871A-FF15BB638CE4}.Ad-Hoc|x64.Deploy.0 = Debug|Any CPU
		{B48CC5AE-838F-4656-871A-FF15BB638CE4}.Ad-Hoc|x86.ActiveCfg = Debug|Any CPU
		{B48CC5AE-838F-4656-871A-FF15BB638CE4}.Ad-Hoc|x86.Build.0 = Debug|Any CPU
		{B48CC5AE-838F-4656-871A-FF15BB638CE4}.Ad-Hoc|x86.Deploy.0 = Debug|Any CPU
		{B48CC5AE-838F-4656-871A-FF15BB638CE4}.AppStore|Any CPU.ActiveCfg = Debug|Any CPU
		{B48CC5AE-838F-4656-871A-FF15BB638CE4}.AppStore|Any CPU.Build.0 = Debug|Any CPU
		{B48CC5AE-838F-4656-871A-FF15BB638CE4}.AppStore|Any CPU.Deploy.0 = Debug|Any CPU
		{B48CC5AE-838F-4656-871A-FF15BB638CE4}.AppStore|ARM.ActiveCfg = Debug|Any CPU
		{B48CC5AE-838F-4656-871A-FF15BB638CE4}.AppStore|ARM.Build.0 = Debug|Any CPU
		{B48CC5AE-838F-4656-871A-FF15BB638CE4}.AppStore|ARM.Deploy.0 = Debug|Any CPU
		{B48CC5AE-838F-4656-871A-FF15BB638CE4}.AppStore|iPhone.ActiveCfg = Debug|Any CPU
		{B48CC5AE-838F-4656-871A-FF15BB638CE4}.AppStore|iPhone.Build.0 = Debug|Any CPU
		{B48CC5AE-838F-4656-871A-FF15BB638CE4}.AppStore|iPhone.Deploy.0 = Debug|Any CPU
		{B48CC5AE-838F-4656-871A-FF15BB638CE4}.AppStore|iPhoneSimulator.ActiveCfg = Debug|Any CPU
		{B48CC5AE-838F-4656-871A-FF15BB638CE4}.AppStore|iPhoneSimulator.Build.0 = Debug|Any CPU
		{B48CC5AE-838F-4656-871A-FF15BB638CE4}.AppStore|iPhoneSimulator.Deploy.0 = Debug|Any CPU
		{B48CC5AE-838F-4656-871A-FF15BB638CE4}.AppStore|x64.ActiveCfg = Debug|Any CPU
		{B48CC5AE-838F-4656-871A-FF15BB638CE4}.AppStore|x64.Build.0 = Debug|Any CPU
		{B48CC5AE-838F-4656-871A-FF15BB638CE4}.AppStore|x64.Deploy.0 = Debug|Any CPU
		{B48CC5AE-838F-4656-871A-FF15BB638CE4}.AppStore|x86.ActiveCfg = Debug|Any CPU
		{B48CC5AE-838F-4656-871A-FF15BB638CE4}.AppStore|x86.Build.0 = Debug|Any CPU
		{B48CC5AE-838F-4656-871A-FF15BB638CE4}.AppStore|x86.Deploy.0 = Debug|Any CPU
		{B48CC5AE-838F-4656-871A-FF15BB638CE4}.Debug|Any CPU.ActiveCfg = Debug|Any CPU
		{B48CC5AE-838F-4656-871A-FF15BB638CE4}.Debug|Any CPU.Build.0 = Debug|Any CPU
		{B48CC5AE-838F-4656-871A-FF15BB638CE4}.Debug|Any CPU.Deploy.0 = Debug|Any CPU
		{B48CC5AE-838F-4656-871A-FF15BB638CE4}.Debug|ARM.ActiveCfg = Debug|Any CPU
		{B48CC5AE-838F-4656-871A-FF15BB638CE4}.Debug|ARM.Build.0 = Debug|Any CPU
		{B48CC5AE-838F-4656-871A-FF15BB638CE4}.Debug|ARM.Deploy.0 = Debug|Any CPU
		{B48CC5AE-838F-4656-871A-FF15BB638CE4}.Debug|iPhone.ActiveCfg = Debug|Any CPU
		{B48CC5AE-838F-4656-871A-FF15BB638CE4}.Debug|iPhone.Build.0 = Debug|Any CPU
		{B48CC5AE-838F-4656-871A-FF15BB638CE4}.Debug|iPhone.Deploy.0 = Debug|Any CPU
		{B48CC5AE-838F-4656-871A-FF15BB638CE4}.Debug|iPhoneSimulator.ActiveCfg = Debug|Any CPU
		{B48CC5AE-838F-4656-871A-FF15BB638CE4}.Debug|iPhoneSimulator.Build.0 = Debug|Any CPU
		{B48CC5AE-838F-4656-871A-FF15BB638CE4}.Debug|iPhoneSimulator.Deploy.0 = Debug|Any CPU
		{B48CC5AE-838F-4656-871A-FF15BB638CE4}.Debug|x64.ActiveCfg = Debug|Any CPU
		{B48CC5AE-838F-4656-871A-FF15BB638CE4}.Debug|x64.Build.0 = Debug|Any CPU
		{B48CC5AE-838F-4656-871A-FF15BB638CE4}.Debug|x64.Deploy.0 = Debug|Any CPU
		{B48CC5AE-838F-4656-871A-FF15BB638CE4}.Debug|x86.ActiveCfg = Debug|Any CPU
		{B48CC5AE-838F-4656-871A-FF15BB638CE4}.Debug|x86.Build.0 = Debug|Any CPU
		{B48CC5AE-838F-4656-871A-FF15BB638CE4}.Debug|x86.Deploy.0 = Debug|Any CPU
		{B48CC5AE-838F-4656-871A-FF15BB638CE4}.Release|Any CPU.ActiveCfg = Release|Any CPU
		{B48CC5AE-838F-4656-871A-FF15BB638CE4}.Release|Any CPU.Build.0 = Release|Any CPU
		{B48CC5AE-838F-4656-871A-FF15BB638CE4}.Release|Any CPU.Deploy.0 = Release|Any CPU
		{B48CC5AE-838F-4656-871A-FF15BB638CE4}.Release|ARM.ActiveCfg = Release|Any CPU
		{B48CC5AE-838F-4656-871A-FF15BB638CE4}.Release|ARM.Build.0 = Release|Any CPU
		{B48CC5AE-838F-4656-871A-FF15BB638CE4}.Release|ARM.Deploy.0 = Release|Any CPU
		{B48CC5AE-838F-4656-871A-FF15BB638CE4}.Release|iPhone.ActiveCfg = Release|Any CPU
		{B48CC5AE-838F-4656-871A-FF15BB638CE4}.Release|iPhone.Build.0 = Release|Any CPU
		{B48CC5AE-838F-4656-871A-FF15BB638CE4}.Release|iPhone.Deploy.0 = Release|Any CPU
		{B48CC5AE-838F-4656-871A-FF15BB638CE4}.Release|iPhoneSimulator.ActiveCfg = Release|Any CPU
		{B48CC5AE-838F-4656-871A-FF15BB638CE4}.Release|iPhoneSimulator.Build.0 = Release|Any CPU
		{B48CC5AE-838F-4656-871A-FF15BB638CE4}.Release|iPhoneSimulator.Deploy.0 = Release|Any CPU
		{B48CC5AE-838F-4656-871A-FF15BB638CE4}.Release|x64.ActiveCfg = Release|Any CPU
		{B48CC5AE-838F-4656-871A-FF15BB638CE4}.Release|x64.Build.0 = Release|Any CPU
		{B48CC5AE-838F-4656-871A-FF15BB638CE4}.Release|x64.Deploy.0 = Release|Any CPU
		{B48CC5AE-838F-4656-871A-FF15BB638CE4}.Release|x86.ActiveCfg = Release|Any CPU
		{B48CC5AE-838F-4656-871A-FF15BB638CE4}.Release|x86.Build.0 = Release|Any CPU
		{B48CC5AE-838F-4656-871A-FF15BB638CE4}.Release|x86.Deploy.0 = Release|Any CPU
	EndGlobalSection
	GlobalSection(SolutionProperties) = preSolution
		HideSolutionNode = FALSE
	EndGlobalSection
	GlobalSection(ExtensibilityGlobals) = postSolution
		SolutionGuid = {D8461F1F-875A-4BAD-90A2-0BDDDC46D53E}
	EndGlobalSection
EndGlobal
